// !$*UTF8*$!
{
	archiveVersion = 1;
	classes = {
	};
	objectVersion = 46;
	objects = {

/* Begin PBXAggregateTarget section */
		3A95D4BD7B154B5C86F9EEFC /* ZERO_CHECK */ = {
			isa = PBXAggregateTarget;
			buildConfigurationList = F0F0724A59DC45EDA750785A /* Build configuration list for PBXAggregateTarget "ZERO_CHECK" */;
			buildPhases = (
				BA596D8C78564634AC110D33 /* CMake Rules */,
			);
			dependencies = (
			);
			name = ZERO_CHECK;
			productName = ZERO_CHECK;
		};
		FC19865E77474AE2862D31E1 /* ALL_BUILD */ = {
			isa = PBXAggregateTarget;
			buildConfigurationList = C6D177DA32A84736A8039AE5 /* Build configuration list for PBXAggregateTarget "ALL_BUILD" */;
			buildPhases = (
				6F86C20E8247454B8740DA93 /* CMake Rules */,
			);
			dependencies = (
				AAABFB2659714A49BFC7A9EE /* PBXTargetDependency */,
			);
			name = ALL_BUILD;
			productName = ALL_BUILD;
		};
/* End PBXAggregateTarget section */

/* Begin PBXBuildStyle section */
		2C1EDE4E63D54D5AB6CABDD1 /* RelWithDebInfo */ = {
			isa = PBXBuildStyle;
			buildSettings = {
				COPY_PHASE_STRIP = NO;
			};
			name = RelWithDebInfo;
		};
		5F3C3612222041F5B0C10747 /* Release */ = {
			isa = PBXBuildStyle;
			buildSettings = {
				COPY_PHASE_STRIP = NO;
			};
			name = Release;
		};
		6CB0D1A4ECEE4BE1AEC1A8DA /* Debug */ = {
			isa = PBXBuildStyle;
			buildSettings = {
				COPY_PHASE_STRIP = NO;
			};
			name = Debug;
		};
		F3BE811E3AEF4C3DBE36DBCB /* MinSizeRel */ = {
			isa = PBXBuildStyle;
			buildSettings = {
				COPY_PHASE_STRIP = NO;
			};
			name = MinSizeRel;
		};
/* End PBXBuildStyle section */

/* Begin PBXContainerItemProxy section */
		66DABAA5B4474110AC6788EE /* PBXContainerItemProxy */ = {
			isa = PBXContainerItemProxy;
			containerPortal = BA2E80C17B844945A172F6B6 /* Project object */;
			proxyType = 1;
			remoteGlobalIDString = 3A95D4BD7B154B5C86F9EEFC;
			remoteInfo = ZERO_CHECK;
		};
/* End PBXContainerItemProxy section */

/* Begin PBXFileReference section */
		02616E6A2EAD47CD8879A039 /* /Users/nobuyuki/projects/Aerodynamics3D/delfem2/src_pybind/pybind11/CMakeLists.txt */ = {isa = PBXFileReference; explicitFileType = sourcecode.text; fileEncoding = 4; name = CMakeLists.txt; path = CMakeLists.txt; sourceTree = SOURCE_ROOT; };
/* End PBXFileReference section */

/* Begin PBXGroup section */
		0926CE3DF856483BA7B0E307 = {
			isa = PBXGroup;
			children = (
				A675D40A63C64651B04B6457 /* ALL_BUILD */,
				80E81257BAD943CA9F50902A /* Products */,
			);
			sourceTree = "<group>";
		};
		80E81257BAD943CA9F50902A /* Products */ = {
			isa = PBXGroup;
			children = (
			);
			name = Products;
			sourceTree = "<group>";
		};
		A675D40A63C64651B04B6457 /* ALL_BUILD */ = {
			isa = PBXGroup;
			children = (
				FF0CBAAF9B264AE0ABD5A976 /* CMake Rules */,
				02616E6A2EAD47CD8879A039 /* /Users/nobuyuki/projects/Aerodynamics3D/delfem2/src_pybind/pybind11/CMakeLists.txt */,
			);
			name = ALL_BUILD;
			sourceTree = "<group>";
		};
		FF0CBAAF9B264AE0ABD5A976 /* CMake Rules */ = {
			isa = PBXGroup;
			children = (
			);
			name = "CMake Rules";
			sourceTree = "<group>";
		};
/* End PBXGroup section */

/* Begin PBXProject section */
		BA2E80C17B844945A172F6B6 /* Project object */ = {
			isa = PBXProject;
			attributes = {
				BuildIndependentTargetsInParallel = YES;
				LastUpgradeCheck = 1020;
			};
			buildConfigurationList = C298A37CB2B748B7A4DF0515 /* Build configuration list for PBXProject "pybind11" */;
			buildSettings = {
			};
			buildStyles = (
				6CB0D1A4ECEE4BE1AEC1A8DA /* Debug */,
				5F3C3612222041F5B0C10747 /* Release */,
				F3BE811E3AEF4C3DBE36DBCB /* MinSizeRel */,
				2C1EDE4E63D54D5AB6CABDD1 /* RelWithDebInfo */,
			);
			compatibilityVersion = "Xcode 3.2";
			hasScannedForEncodings = 0;
			mainGroup = 0926CE3DF856483BA7B0E307;
			projectDirPath = /Users/nobuyuki/projects/Aerodynamics3D/delfem2/src_pybind/pybind11;
			projectRoot = "";
			targets = (
				FC19865E77474AE2862D31E1 /* ALL_BUILD */,
				3A95D4BD7B154B5C86F9EEFC /* ZERO_CHECK */,
			);
		};
/* End PBXProject section */

/* Begin PBXShellScriptBuildPhase section */
		1ADDB55082F142DB9BB6D634 = {
			isa = PBXShellScriptBuildPhase;
			buildActionMask = 2147483647;
			files = (
			);
			inputPaths = (
			);
			outputPaths = (
			);
			runOnlyForDeploymentPostprocessing = 0;
			shellPath = /bin/sh;
			shellScript = "# shell script goes here
exit 0";
			showEnvVarsInLog = 0;
		};
		6F86C20E8247454B8740DA93 /* CMake Rules */ = {
			isa = PBXShellScriptBuildPhase;
			buildActionMask = 2147483647;
			files = (
			);
			name = "CMake Rules";
			runOnlyForDeploymentPostprocessing = 0;
			shellPath = /bin/sh;
			shellScript = "make -C /Users/nobuyuki/projects/Aerodynamics3D/delfem2/src_pybind/gl/buildXcode/pybind11 -f /Users/nobuyuki/projects/Aerodynamics3D/delfem2/src_pybind/gl/buildXcode/pybind11/CMakeScripts/ALL_BUILD_cmakeRulesBuildPhase.make$CONFIGURATION all";
			showEnvVarsInLog = 0;
		};
		7DA9FEA6D503489591C4B270 = {
			isa = PBXShellScriptBuildPhase;
			buildActionMask = 2147483647;
			files = (
			);
			inputPaths = (
			);
			outputPaths = (
			);
			runOnlyForDeploymentPostprocessing = 0;
			shellPath = /bin/sh;
			shellScript = "# shell script goes here
exit 0";
			showEnvVarsInLog = 0;
		};
		BA596D8C78564634AC110D33 /* CMake Rules */ = {
			isa = PBXShellScriptBuildPhase;
			buildActionMask = 2147483647;
			files = (
			);
			name = "CMake Rules";
			runOnlyForDeploymentPostprocessing = 0;
			shellPath = /bin/sh;
			shellScript = "make -C /Users/nobuyuki/projects/Aerodynamics3D/delfem2/src_pybind/gl/buildXcode/pybind11 -f /Users/nobuyuki/projects/Aerodynamics3D/delfem2/src_pybind/gl/buildXcode/pybind11/CMakeScripts/ZERO_CHECK_cmakeRulesBuildPhase.make$CONFIGURATION all";
			showEnvVarsInLog = 0;
		};
/* End PBXShellScriptBuildPhase section */

/* Begin PBXTargetDependency section */
		AAABFB2659714A49BFC7A9EE /* PBXTargetDependency */ = {
			isa = PBXTargetDependency;
			target = 3A95D4BD7B154B5C86F9EEFC /* ZERO_CHECK */;
			targetProxy = 66DABAA5B4474110AC6788EE /* PBXContainerItemProxy */;
		};
/* End PBXTargetDependency section */

/* Begin XCBuildConfiguration section */
		1E06AE216C044D5E9C9391C5 /* RelWithDebInfo */ = {
			isa = XCBuildConfiguration;
			buildSettings = {
				COMBINE_HIDPI_IMAGES = YES;
				GCC_GENERATE_DEBUGGING_SYMBOLS = YES;
				GCC_INLINES_ARE_PRIVATE_EXTERN = NO;
				GCC_OPTIMIZATION_LEVEL = 0;
				GCC_PREPROCESSOR_DEFINITIONS = ("'CMAKE_INTDIR=\"$(CONFIGURATION)$(EFFECTIVE_PLATFORM_NAME)\"'");
				GCC_SYMBOLS_PRIVATE_EXTERN = NO;
				INSTALL_PATH = "";
				OTHER_LDFLAGS = " ";
				OTHER_REZFLAGS = "";
				PRODUCT_NAME = ALL_BUILD;
				SECTORDER_FLAGS = "";
				SYMROOT = /Users/nobuyuki/projects/Aerodynamics3D/delfem2/src_pybind/gl/buildXcode/pybind11;
				USE_HEADERMAP = NO;
				WARNING_CFLAGS = ("-Wmost","-Wno-four-char-constants","-Wno-unknown-pragmas","$(inherited)");
			};
			name = RelWithDebInfo;
		};
		2E49E113FC1F45FF98EEC6E0 /* Debug */ = {
			isa = XCBuildConfiguration;
			buildSettings = {
				ONLY_ACTIVE_ARCH = YES;
				SDKROOT = /Applications/Xcode.app/Contents/Developer/Platforms/MacOSX.platform/Developer/SDKs/MacOSX10.14.sdk;
				SYMROOT = /Users/nobuyuki/projects/Aerodynamics3D/delfem2/src_pybind/gl/buildXcode/pybind11/build;
			};
			name = Debug;
		};
		376805EF6A42424DA1CB2767 /* RelWithDebInfo */ = {
			isa = XCBuildConfiguration;
			buildSettings = {
				COMBINE_HIDPI_IMAGES = YES;
				GCC_GENERATE_DEBUGGING_SYMBOLS = YES;
				GCC_INLINES_ARE_PRIVATE_EXTERN = NO;
				GCC_OPTIMIZATION_LEVEL = 0;
				GCC_PREPROCESSOR_DEFINITIONS = ("'CMAKE_INTDIR=\"$(CONFIGURATION)$(EFFECTIVE_PLATFORM_NAME)\"'");
				GCC_SYMBOLS_PRIVATE_EXTERN = NO;
				INSTALL_PATH = "";
				OTHER_LDFLAGS = " ";
				OTHER_REZFLAGS = "";
				PRODUCT_NAME = ZERO_CHECK;
				SECTORDER_FLAGS = "";
				SYMROOT = /Users/nobuyuki/projects/Aerodynamics3D/delfem2/src_pybind/gl/buildXcode/pybind11;
				USE_HEADERMAP = NO;
				WARNING_CFLAGS = ("-Wmost","-Wno-four-char-constants","-Wno-unknown-pragmas","$(inherited)");
			};
			name = RelWithDebInfo;
		};
		3C1E7228DF1543D591EF24BC /* Debug */ = {
			isa = XCBuildConfiguration;
			buildSettings = {
				COMBINE_HIDPI_IMAGES = YES;
				GCC_GENERATE_DEBUGGING_SYMBOLS = YES;
				GCC_INLINES_ARE_PRIVATE_EXTERN = NO;
				GCC_OPTIMIZATION_LEVEL = 0;
				GCC_PREPROCESSOR_DEFINITIONS = ("'CMAKE_INTDIR=\"$(CONFIGURATION)$(EFFECTIVE_PLATFORM_NAME)\"'");
				GCC_SYMBOLS_PRIVATE_EXTERN = NO;
				INSTALL_PATH = "";
				OTHER_LDFLAGS = " ";
				OTHER_REZFLAGS = "";
				PRODUCT_NAME = ZERO_CHECK;
				SECTORDER_FLAGS = "";
				SYMROOT = /Users/nobuyuki/projects/Aerodynamics3D/delfem2/src_pybind/gl/buildXcode/pybind11;
				USE_HEADERMAP = NO;
				WARNING_CFLAGS = ("-Wmost","-Wno-four-char-constants","-Wno-unknown-pragmas","$(inherited)");
			};
			name = Debug;
		};
		483D2B089ECF48E3905560D1 /* MinSizeRel */ = {
			isa = XCBuildConfiguration;
			buildSettings = {
				COMBINE_HIDPI_IMAGES = YES;
				GCC_GENERATE_DEBUGGING_SYMBOLS = YES;
				GCC_INLINES_ARE_PRIVATE_EXTERN = NO;
				GCC_OPTIMIZATION_LEVEL = 0;
				GCC_PREPROCESSOR_DEFINITIONS = ("'CMAKE_INTDIR=\"$(CONFIGURATION)$(EFFECTIVE_PLATFORM_NAME)\"'");
				GCC_SYMBOLS_PRIVATE_EXTERN = NO;
				INSTALL_PATH = "";
				OTHER_LDFLAGS = " ";
				OTHER_REZFLAGS = "";
				PRODUCT_NAME = ALL_BUILD;
				SECTORDER_FLAGS = "";
				SYMROOT = /Users/nobuyuki/projects/Aerodynamics3D/delfem2/src_pybind/gl/buildXcode/pybind11;
				USE_HEADERMAP = NO;
				WARNING_CFLAGS = ("-Wmost","-Wno-four-char-constants","-Wno-unknown-pragmas","$(inherited)");
			};
			name = MinSizeRel;
		};
		7AD4D4714D2A4B228CBE4046 /* Release */ = {
			isa = XCBuildConfiguration;
			buildSettings = {
				COMBINE_HIDPI_IMAGES = YES;
				GCC_GENERATE_DEBUGGING_SYMBOLS = YES;
				GCC_INLINES_ARE_PRIVATE_EXTERN = NO;
				GCC_OPTIMIZATION_LEVEL = 0;
				GCC_PREPROCESSOR_DEFINITIONS = ("'CMAKE_INTDIR=\"$(CONFIGURATION)$(EFFECTIVE_PLATFORM_NAME)\"'");
				GCC_SYMBOLS_PRIVATE_EXTERN = NO;
				INSTALL_PATH = "";
				OTHER_LDFLAGS = " ";
				OTHER_REZFLAGS = "";
				PRODUCT_NAME = ALL_BUILD;
				SECTORDER_FLAGS = "";
				SYMROOT = /Users/nobuyuki/projects/Aerodynamics3D/delfem2/src_pybind/gl/buildXcode/pybind11;
				USE_HEADERMAP = NO;
				WARNING_CFLAGS = ("-Wmost","-Wno-four-char-constants","-Wno-unknown-pragmas","$(inherited)");
			};
			name = Release;
		};
		88B4BC22FE3A4E68AFD2C11D /* Release */ = {
			isa = XCBuildConfiguration;
			buildSettings = {
				ONLY_ACTIVE_ARCH = YES;
				SDKROOT = /Applications/Xcode.app/Contents/Developer/Platforms/MacOSX.platform/Developer/SDKs/MacOSX10.14.sdk;
				SYMROOT = /Users/nobuyuki/projects/Aerodynamics3D/delfem2/src_pybind/gl/buildXcode/pybind11/build;
			};
			name = Release;
		};
		96E12155620B4E0D8C3C8280 /* MinSizeRel */ = {
			isa = XCBuildConfiguration;
			buildSettings = {
				ONLY_ACTIVE_ARCH = YES;
				SDKROOT = /Applications/Xcode.app/Contents/Developer/Platforms/MacOSX.platform/Developer/SDKs/MacOSX10.14.sdk;
				SYMROOT = /Users/nobuyuki/projects/Aerodynamics3D/delfem2/src_pybind/gl/buildXcode/pybind11/build;
			};
			name = MinSizeRel;
		};
		9C3018DC1D7D4301BE02416E /* Release */ = {
			isa = XCBuildConfiguration;
			buildSettings = {
				COMBINE_HIDPI_IMAGES = YES;
				GCC_GENERATE_DEBUGGING_SYMBOLS = YES;
				GCC_INLINES_ARE_PRIVATE_EXTERN = NO;
				GCC_OPTIMIZATION_LEVEL = 0;
				GCC_PREPROCESSOR_DEFINITIONS = ("'CMAKE_INTDIR=\"$(CONFIGURATION)$(EFFECTIVE_PLATFORM_NAME)\"'");
				GCC_SYMBOLS_PRIVATE_EXTERN = NO;
				INSTALL_PATH = "";
				OTHER_LDFLAGS = " ";
				OTHER_REZFLAGS = "";
				PRODUCT_NAME = ZERO_CHECK;
				SECTORDER_FLAGS = "";
				SYMROOT = /Users/nobuyuki/projects/Aerodynamics3D/delfem2/src_pybind/gl/buildXcode/pybind11;
				USE_HEADERMAP = NO;
				WARNING_CFLAGS = ("-Wmost","-Wno-four-char-constants","-Wno-unknown-pragmas","$(inherited)");
			};
			name = Release;
		};
		A252B98879084542878E4322 /* MinSizeRel */ = {
			isa = XCBuildConfiguration;
			buildSettings = {
				COMBINE_HIDPI_IMAGES = YES;
				GCC_GENERATE_DEBUGGING_SYMBOLS = YES;
				GCC_INLINES_ARE_PRIVATE_EXTERN = NO;
				GCC_OPTIMIZATION_LEVEL = 0;
				GCC_PREPROCESSOR_DEFINITIONS = ("'CMAKE_INTDIR=\"$(CONFIGURATION)$(EFFECTIVE_PLATFORM_NAME)\"'");
				GCC_SYMBOLS_PRIVATE_EXTERN = NO;
				INSTALL_PATH = "";
				OTHER_LDFLAGS = " ";
				OTHER_REZFLAGS = "";
				PRODUCT_NAME = ZERO_CHECK;
				SECTORDER_FLAGS = "";
				SYMROOT = /Users/nobuyuki/projects/Aerodynamics3D/delfem2/src_pybind/gl/buildXcode/pybind11;
				USE_HEADERMAP = NO;
				WARNING_CFLAGS = ("-Wmost","-Wno-four-char-constants","-Wno-unknown-pragmas","$(inherited)");
			};
			name = MinSizeRel;
		};
		A48BC7E4FF244DE19A7354C5 /* RelWithDebInfo */ = {
			isa = XCBuildConfiguration;
			buildSettings = {
				ONLY_ACTIVE_ARCH = YES;
				SDKROOT = /Applications/Xcode.app/Contents/Developer/Platforms/MacOSX.platform/Developer/SDKs/MacOSX10.14.sdk;
				SYMROOT = /Users/nobuyuki/projects/Aerodynamics3D/delfem2/src_pybind/gl/buildXcode/pybind11/build;
			};
			name = RelWithDebInfo;
		};
		E8D63A82ECA24344B337A266 /* Debug */ = {
			isa = XCBuildConfiguration;
			buildSettings = {
				COMBINE_HIDPI_IMAGES = YES;
				GCC_GENERATE_DEBUGGING_SYMBOLS = YES;
				GCC_INLINES_ARE_PRIVATE_EXTERN = NO;
				GCC_OPTIMIZATION_LEVEL = 0;
				GCC_PREPROCESSOR_DEFINITIONS = ("'CMAKE_INTDIR=\"$(CONFIGURATION)$(EFFECTIVE_PLATFORM_NAME)\"'");
				GCC_SYMBOLS_PRIVATE_EXTERN = NO;
				INSTALL_PATH = "";
				OTHER_LDFLAGS = " ";
				OTHER_REZFLAGS = "";
				PRODUCT_NAME = ALL_BUILD;
				SECTORDER_FLAGS = "";
				SYMROOT = /Users/nobuyuki/projects/Aerodynamics3D/delfem2/src_pybind/gl/buildXcode/pybind11;
				USE_HEADERMAP = NO;
				WARNING_CFLAGS = ("-Wmost","-Wno-four-char-constants","-Wno-unknown-pragmas","$(inherited)");
			};
			name = Debug;
		};
/* End XCBuildConfiguration section */

/* Begin XCConfigurationList section */
		C298A37CB2B748B7A4DF0515 /* Build configuration list for PBXProject "pybind11" */ = {
			isa = XCConfigurationList;
			buildConfigurations = (
				2E49E113FC1F45FF98EEC6E0 /* Debug */,
				88B4BC22FE3A4E68AFD2C11D /* Release */,
				96E12155620B4E0D8C3C8280 /* MinSizeRel */,
				A48BC7E4FF244DE19A7354C5 /* RelWithDebInfo */,
			);
			defaultConfigurationIsVisible = 0;
			defaultConfigurationName = Debug;
		};
		C6D177DA32A84736A8039AE5 /* Build configuration list for PBXAggregateTarget "ALL_BUILD" */ = {
			isa = XCConfigurationList;
			buildConfigurations = (
				E8D63A82ECA24344B337A266 /* Debug */,
				7AD4D4714D2A4B228CBE4046 /* Release */,
				483D2B089ECF48E3905560D1 /* MinSizeRel */,
				1E06AE216C044D5E9C9391C5 /* RelWithDebInfo */,
			);
			defaultConfigurationIsVisible = 0;
			defaultConfigurationName = Debug;
		};
		F0F0724A59DC45EDA750785A /* Build configuration list for PBXAggregateTarget "ZERO_CHECK" */ = {
			isa = XCConfigurationList;
			buildConfigurations = (
				3C1E7228DF1543D591EF24BC /* Debug */,
				9C3018DC1D7D4301BE02416E /* Release */,
				A252B98879084542878E4322 /* MinSizeRel */,
				376805EF6A42424DA1CB2767 /* RelWithDebInfo */,
			);
			defaultConfigurationIsVisible = 0;
			defaultConfigurationName = Debug;
		};
/* End XCConfigurationList section */
	};
	rootObject = BA2E80C17B844945A172F6B6 /* Project object */;
}
